
Microsoft Visual Studio Solution File, Format Version 12.00
# Visual Studio Version 17
VisualStudioVersion = 17.14.37111.16 d17.14
MinimumVisualStudioVersion = 10.0.40219.1
Project("{FAE04EC0-301F-11D3-BF4B-00C04F79EFBC}") = "BMDb", "BMDb\BMDb.csproj", "{08397937-14F8-4F36-BD2B-41C277992A07}"
EndProject
Global
	GlobalSection(SolutionConfigurationPlatforms) = preSolution
		Debug|Any CPU = Debug|Any CPU
		Release|Any CPU = Release|Any CPU
	EndGlobalSection
	GlobalSection(ProjectConfigurationPlatforms) = postSolution
		{08397937-14F8-4F36-BD2B-41C277992A07}.Debug|Any CPU.ActiveCfg = Debug|Any CPU
		{08397937-14F8-4F36-BD2B-41C277992A07}.Debug|Any CPU.Build.0 = Debug|Any CPU
		{08397937-14F8-4F36-BD2B-41C277992A07}.Release|Any CPU.ActiveCfg = Release|Any CPU
		{08397937-14F8-4F36-BD2B-41C277992A07}.Release|Any CPU.Build.0 = Release|Any CPU
	EndGlobalSection
	GlobalSection(SolutionProperties) = preSolution
		HideSolutionNode = FALSE
	EndGlobalSection
	GlobalSection(ExtensibilityGlobals) = postSolution
		SolutionGuid = {462474DB-44FF-4F68-ABDB-C49C3F2C7BB7}
	EndGlobalSection
EndGlobal
